
Microsoft Visual Studio Solution File, Format Version 12.00
# Visual Studio Version 17
VisualStudioVersion = 17.13.35825.156 d17.13
MinimumVisualStudioVersion = 10.0.40219.1
Project("{FAE04EC0-301F-11D3-BF4B-00C04F79EFBC}") = "DocumentinAPI", "DocumentinAPI.csproj", "{74BBF94D-85A9-42D4-97C7-6C68039AA003}"
EndProject
Global
	GlobalSection(SolutionConfigurationPlatforms) = preSolution
		Debug|Any CPU = Debug|Any CPU
		Release|Any CPU = Release|Any CPU
	EndGlobalSection
	GlobalSection(ProjectConfigurationPlatforms) = postSolution
		{74BBF94D-85A9-42D4-97C7-6C68039AA003}.Debug|Any CPU.ActiveCfg = Debug|Any CPU
		{74BBF94D-85A9-42D4-97C7-6C68039AA003}.Debug|Any CPU.Build.0 = Debug|Any CPU
		{74BBF94D-85A9-42D4-97C7-6C68039AA003}.Release|Any CPU.ActiveCfg = Release|Any CPU
		{74BBF94D-85A9-42D4-97C7-6C68039AA003}.Release|Any CPU.Build.0 = Release|Any CPU
	EndGlobalSection
	GlobalSection(SolutionProperties) = preSolution
		HideSolutionNode = FALSE
	EndGlobalSection
	GlobalSection(ExtensibilityGlobals) = postSolution
		SolutionGuid = {D39AA930-A05D-44F8-9141-F77E7BF4117B}
	EndGlobalSection
EndGlobal
